
Microsoft Visual Studio Solution File, Format Version 12.00
# Visual Studio Version 17
VisualStudioVersion = 17.0.31630.410
MinimumVisualStudioVersion = 10.0.40219.1
Project("{FAE04EC0-301F-11D3-BF4B-00C04F79EFBC}") = "ConsoleApp16", "ConsoleApp16\ConsoleApp16.csproj", "{4E818441-F008-445C-AEA4-C83BD635DBE8}"
EndProject
Global
	GlobalSection(SolutionConfigurationPlatforms) = preSolution
		Debug|Any CPU = Debug|Any CPU
		Release|Any CPU = Release|Any CPU
	EndGlobalSection
	GlobalSection(ProjectConfigurationPlatforms) = postSolution
		{4E818441-F008-445C-AEA4-C83BD635DBE8}.Debug|Any CPU.ActiveCfg = Debug|Any CPU
		{4E818441-F008-445C-AEA4-C83BD635DBE8}.Debug|Any CPU.Build.0 = Debug|Any CPU
		{4E818441-F008-445C-AEA4-C83BD635DBE8}.Release|Any CPU.ActiveCfg = Release|Any CPU
		{4E818441-F008-445C-AEA4-C83BD635DBE8}.Release|Any CPU.Build.0 = Release|Any CPU
	EndGlobalSection
	GlobalSection(SolutionProperties) = preSolution
		HideSolutionNode = FALSE
	EndGlobalSection
	GlobalSection(ExtensibilityGlobals) = postSolution
		SolutionGuid = {400AAF74-268B-49A9-9AAC-E2CCD70AEC59}
	EndGlobalSection
EndGlobal
